
Microsoft Visual Studio Solution File, Format Version 12.00
# Visual Studio Version 16
VisualStudioVersion = 16.0.31613.86
MinimumVisualStudioVersion = 10.0.40219.1
Project("{FAE04EC0-301F-11D3-BF4B-00C04F79EFBC}") = "InventorySystem_Inderjeet", "InventorySystem_Inderjeet\InventorySystem_Inderjeet.csproj", "{EE6974E0-292A-4803-819C-797354709638}"
EndProject
Global
	GlobalSection(SolutionConfigurationPlatforms) = preSolution
		Debug|Any CPU = Debug|Any CPU
		Release|Any CPU = Release|Any CPU
	EndGlobalSection
	GlobalSection(ProjectConfigurationPlatforms) = postSolution
		{EE6974E0-292A-4803-819C-797354709638}.Debug|Any CPU.ActiveCfg = Debug|Any CPU
		{EE6974E0-292A-4803-819C-797354709638}.Debug|Any CPU.Build.0 = Debug|Any CPU
		{EE6974E0-292A-4803-819C-797354709638}.Release|Any CPU.ActiveCfg = Release|Any CPU
		{EE6974E0-292A-4803-819C-797354709638}.Release|Any CPU.Build.0 = Release|Any CPU
	EndGlobalSection
	GlobalSection(SolutionProperties) = preSolution
		HideSolutionNode = FALSE
	EndGlobalSection
	GlobalSection(ExtensibilityGlobals) = postSolution
		SolutionGuid = {3406B0AB-0BDD-43A9-B220-D16A743E99A5}
	EndGlobalSection
EndGlobal
